
Microsoft Visual Studio Solution File, Format Version 12.00
# Visual Studio Version 17
VisualStudioVersion = 17.7.34031.279
MinimumVisualStudioVersion = 10.0.40219.1
Project("{FAE04EC0-301F-11D3-BF4B-00C04F79EFBC}") = "ClientWebServiceForm", "ClientWebServiceForm\ClientWebServiceForm.csproj", "{57E11ECE-C107-441F-8B44-6BF03C6E9EAE}"
EndProject
Global
	GlobalSection(SolutionConfigurationPlatforms) = preSolution
		Debug|Any CPU = Debug|Any CPU
		Release|Any CPU = Release|Any CPU
	EndGlobalSection
	GlobalSection(ProjectConfigurationPlatforms) = postSolution
		{57E11ECE-C107-441F-8B44-6BF03C6E9EAE}.Debug|Any CPU.ActiveCfg = Debug|Any CPU
		{57E11ECE-C107-441F-8B44-6BF03C6E9EAE}.Debug|Any CPU.Build.0 = Debug|Any CPU
		{57E11ECE-C107-441F-8B44-6BF03C6E9EAE}.Release|Any CPU.ActiveCfg = Release|Any CPU
		{57E11ECE-C107-441F-8B44-6BF03C6E9EAE}.Release|Any CPU.Build.0 = Release|Any CPU
	EndGlobalSection
	GlobalSection(SolutionProperties) = preSolution
		HideSolutionNode = FALSE
	EndGlobalSection
	GlobalSection(ExtensibilityGlobals) = postSolution
		SolutionGuid = {E1A65255-0227-4537-A9CD-001180E32978}
	EndGlobalSection
EndGlobal
