
Microsoft Visual Studio Solution File, Format Version 12.00
# Visual Studio Version 17
VisualStudioVersion = 17.7.34031.279
MinimumVisualStudioVersion = 10.0.40219.1
Project("{FAE04EC0-301F-11D3-BF4B-00C04F79EFBC}") = "GRAPHQLAPI", "GRAPHQLAPI\GRAPHQLAPI.csproj", "{679FF295-7D63-4BC6-BA84-EB49C9672E30}"
EndProject
Global
	GlobalSection(SolutionConfigurationPlatforms) = preSolution
		Debug|Any CPU = Debug|Any CPU
		Release|Any CPU = Release|Any CPU
	EndGlobalSection
	GlobalSection(ProjectConfigurationPlatforms) = postSolution
		{679FF295-7D63-4BC6-BA84-EB49C9672E30}.Debug|Any CPU.ActiveCfg = Debug|Any CPU
		{679FF295-7D63-4BC6-BA84-EB49C9672E30}.Debug|Any CPU.Build.0 = Debug|Any CPU
		{679FF295-7D63-4BC6-BA84-EB49C9672E30}.Release|Any CPU.ActiveCfg = Release|Any CPU
		{679FF295-7D63-4BC6-BA84-EB49C9672E30}.Release|Any CPU.Build.0 = Release|Any CPU
	EndGlobalSection
	GlobalSection(SolutionProperties) = preSolution
		HideSolutionNode = FALSE
	EndGlobalSection
	GlobalSection(ExtensibilityGlobals) = postSolution
		SolutionGuid = {633F276D-A72A-4690-9696-0A3314748A65}
	EndGlobalSection
EndGlobal
